
Microsoft Visual Studio Solution File, Format Version 12.00
# Visual Studio Version 17
VisualStudioVersion = 17.14.36203.30 d17.14
MinimumVisualStudioVersion = 10.0.40219.1
Project("{FAE04EC0-301F-11D3-BF4B-00C04F79EFBC}") = "Projeto-FPAA", "Projeto-FPAA\Projeto-FPAA.csproj", "{3F949A49-B09D-40B0-A18E-68D54BD5ED9F}"
EndProject
Global
	GlobalSection(SolutionConfigurationPlatforms) = preSolution
		Debug|Any CPU = Debug|Any CPU
		Release|Any CPU = Release|Any CPU
	EndGlobalSection
	GlobalSection(ProjectConfigurationPlatforms) = postSolution
		{3F949A49-B09D-40B0-A18E-68D54BD5ED9F}.Debug|Any CPU.ActiveCfg = Debug|Any CPU
		{3F949A49-B09D-40B0-A18E-68D54BD5ED9F}.Debug|Any CPU.Build.0 = Debug|Any CPU
		{3F949A49-B09D-40B0-A18E-68D54BD5ED9F}.Release|Any CPU.ActiveCfg = Release|Any CPU
		{3F949A49-B09D-40B0-A18E-68D54BD5ED9F}.Release|Any CPU.Build.0 = Release|Any CPU
	EndGlobalSection
	GlobalSection(SolutionProperties) = preSolution
		HideSolutionNode = FALSE
	EndGlobalSection
	GlobalSection(ExtensibilityGlobals) = postSolution
		SolutionGuid = {BC1F064E-81B7-4333-BB87-822922BFCD6D}
	EndGlobalSection
EndGlobal
